
Microsoft Visual Studio Solution File, Format Version 12.00
# Visual Studio 15
VisualStudioVersion = 15.0.28307.572
MinimumVisualStudioVersion = 10.0.40219.1
Project("{FAE04EC0-301F-11D3-BF4B-00C04F79EFBC}") = "RFConsumerPedido", "RFConsumer\RFConsumerPedido.csproj", "{2E59D5B8-6858-4708-8259-846DC9546AA5}"
EndProject
Project("{FAE04EC0-301F-11D3-BF4B-00C04F79EFBC}") = "RFC", "RFC\RFC.csproj", "{8F168848-1FDE-4D92-964E-5BC2DE6FA4DD}"
EndProject
Global
	GlobalSection(SolutionConfigurationPlatforms) = preSolution
		Debug|Any CPU = Debug|Any CPU
		Release|Any CPU = Release|Any CPU
	EndGlobalSection
	GlobalSection(ProjectConfigurationPlatforms) = postSolution
		{2E59D5B8-6858-4708-8259-846DC9546AA5}.Debug|Any CPU.ActiveCfg = Debug|Any CPU
		{2E59D5B8-6858-4708-8259-846DC9546AA5}.Debug|Any CPU.Build.0 = Debug|Any CPU
		{2E59D5B8-6858-4708-8259-846DC9546AA5}.Release|Any CPU.ActiveCfg = Release|Any CPU
		{2E59D5B8-6858-4708-8259-846DC9546AA5}.Release|Any CPU.Build.0 = Release|Any CPU
		{8F168848-1FDE-4D92-964E-5BC2DE6FA4DD}.Debug|Any CPU.ActiveCfg = Debug|Any CPU
		{8F168848-1FDE-4D92-964E-5BC2DE6FA4DD}.Debug|Any CPU.Build.0 = Debug|Any CPU
		{8F168848-1FDE-4D92-964E-5BC2DE6FA4DD}.Release|Any CPU.ActiveCfg = Release|Any CPU
		{8F168848-1FDE-4D92-964E-5BC2DE6FA4DD}.Release|Any CPU.Build.0 = Release|Any CPU
	EndGlobalSection
	GlobalSection(SolutionProperties) = preSolution
		HideSolutionNode = FALSE
	EndGlobalSection
	GlobalSection(ExtensibilityGlobals) = postSolution
		SolutionGuid = {63ECB92D-39CA-48A8-9E79-0AE5760C27CE}
	EndGlobalSection
EndGlobal
