
Microsoft Visual Studio Solution File, Format Version 12.00
# Visual Studio Version 16
VisualStudioVersion = 16.0.29020.237
MinimumVisualStudioVersion = 10.0.40219.1
Project("{FAE04EC0-301F-11D3-BF4B-00C04F79EFBC}") = "REX_SAP_FORM", "REX_SAP_FORM\REX_SAP_FORM.csproj", "{9674CB17-617D-48B5-BB35-D99C5FFD3024}"
EndProject
Global
	GlobalSection(SolutionConfigurationPlatforms) = preSolution
		Debug|Any CPU = Debug|Any CPU
		Release|Any CPU = Release|Any CPU
	EndGlobalSection
	GlobalSection(ProjectConfigurationPlatforms) = postSolution
		{9674CB17-617D-48B5-BB35-D99C5FFD3024}.Debug|Any CPU.ActiveCfg = Debug|Any CPU
		{9674CB17-617D-48B5-BB35-D99C5FFD3024}.Debug|Any CPU.Build.0 = Debug|Any CPU
		{9674CB17-617D-48B5-BB35-D99C5FFD3024}.Release|Any CPU.ActiveCfg = Release|Any CPU
		{9674CB17-617D-48B5-BB35-D99C5FFD3024}.Release|Any CPU.Build.0 = Release|Any CPU
	EndGlobalSection
	GlobalSection(SolutionProperties) = preSolution
		HideSolutionNode = FALSE
	EndGlobalSection
	GlobalSection(ExtensibilityGlobals) = postSolution
		SolutionGuid = {0E23B608-142F-4B6E-BDA8-90CFC0AAD803}
	EndGlobalSection
EndGlobal
